// !$*UTF8*$!
{
	archiveVersion = 1;
	classes = {
	};
	objectVersion = 55;
	objects = {

/* Begin PBXBuildFile section */
		458BE2A9275EDCD400EA5570 /* AppDelegate.swift in Sources */ = {isa = PBXBuildFile; fileRef = 458BE2A8275EDCD400EA5570 /* AppDelegate.swift */; };
		458BE2AB275EDCD400EA5570 /* SceneDelegate.swift in Sources */ = {isa = PBXBuildFile; fileRef = 458BE2AA275EDCD400EA5570 /* SceneDelegate.swift */; };
		458BE2AD275EDCD400EA5570 /* ViewController.swift in Sources */ = {isa = PBXBuildFile; fileRef = 458BE2AC275EDCD400EA5570 /* ViewController.swift */; };
		458BE2B0275EDCD400EA5570 /* Main.storyboard in Resources */ = {isa = PBXBuildFile; fileRef = 458BE2AE275EDCD400EA5570 /* Main.storyboard */; };
		458BE2B2275EDCD600EA5570 /* Assets.xcassets in Resources */ = {isa = PBXBuildFile; fileRef = 458BE2B1275EDCD600EA5570 /* Assets.xcassets */; };
		458BE2B5275EDCD600EA5570 /* LaunchScreen.storyboard in Resources */ = {isa = PBXBuildFile; fileRef = 458BE2B3275EDCD600EA5570 /* LaunchScreen.storyboard */; };
		45AC482E277BD58F0021F414 /* ValidationService.swift in Sources */ = {isa = PBXBuildFile; fileRef = 45AC482D277BD58F0021F414 /* ValidationService.swift */; };
		45AC4830277BD9B20021F414 /* UserModel.swift in Sources */ = {isa = PBXBuildFile; fileRef = 45AC482F277BD9B20021F414 /* UserModel.swift */; };
		DAB6BFD5277D3178008C306D /* BasicUnitTestExampleTests.swift in Sources */ = {isa = PBXBuildFile; fileRef = DAB6BFD4277D3178008C306D /* BasicUnitTestExampleTests.swift */; };
		DAB6BFDC277D31AC008C306D /* ValidationServiceTest.swift in Sources */ = {isa = PBXBuildFile; fileRef = DAB6BFDB277D31AC008C306D /* ValidationServiceTest.swift */; };
/* End PBXBuildFile section */

/* Begin PBXContainerItemProxy section */
		DAB6BFD6277D3178008C306D /* PBXContainerItemProxy */ = {
			isa = PBXContainerItemProxy;
			containerPortal = 458BE29D275EDCD400EA5570 /* Project object */;
			proxyType = 1;
			remoteGlobalIDString = 458BE2A4275EDCD400EA5570;
			remoteInfo = BasicUnitTestExample;
		};
/* End PBXContainerItemProxy section */

/* Begin PBXFileReference section */
		458BE2A5275EDCD400EA5570 /* BasicUnitTestExample.app */ = {isa = PBXFileReference; explicitFileType = wrapper.application; includeInIndex = 0; path = BasicUnitTestExample.app; sourceTree = BUILT_PRODUCTS_DIR; };
		458BE2A8275EDCD400EA5570 /* AppDelegate.swift */ = {isa = PBXFileReference; lastKnownFileType = sourcecode.swift; path = AppDelegate.swift; sourceTree = "<group>"; };
		458BE2AA275EDCD400EA5570 /* SceneDelegate.swift */ = {isa = PBXFileReference; lastKnownFileType = sourcecode.swift; path = SceneDelegate.swift; sourceTree = "<group>"; };
		458BE2AC275EDCD400EA5570 /* ViewController.swift */ = {isa = PBXFileReference; lastKnownFileType = sourcecode.swift; path = ViewController.swift; sourceTree = "<group>"; };
		458BE2AF275EDCD400EA5570 /* Base */ = {isa = PBXFileReference; lastKnownFileType = file.storyboard; name = Base; path = Base.lproj/Main.storyboard; sourceTree = "<group>"; };
		458BE2B1275EDCD600EA5570 /* Assets.xcassets */ = {isa = PBXFileReference; lastKnownFileType = folder.assetcatalog; path = Assets.xcassets; sourceTree = "<group>"; };
		458BE2B4275EDCD600EA5570 /* Base */ = {isa = PBXFileReference; lastKnownFileType = file.storyboard; name = Base; path = Base.lproj/LaunchScreen.storyboard; sourceTree = "<group>"; };
		458BE2B6275EDCD600EA5570 /* Info.plist */ = {isa = PBXFileReference; lastKnownFileType = text.plist.xml; path = Info.plist; sourceTree = "<group>"; };
		45AC482D277BD58F0021F414 /* ValidationService.swift */ = {isa = PBXFileReference; lastKnownFileType = sourcecode.swift; path = ValidationService.swift; sourceTree = "<group>"; };
		45AC482F277BD9B20021F414 /* UserModel.swift */ = {isa = PBXFileReference; lastKnownFileType = sourcecode.swift; path = UserModel.swift; sourceTree = "<group>"; };
		DAB6BFD2277D3178008C306D /* BasicUnitTestExampleTests.xctest */ = {isa = PBXFileReference; explicitFileType = wrapper.cfbundle; includeInIndex = 0; path = BasicUnitTestExampleTests.xctest; sourceTree = BUILT_PRODUCTS_DIR; };
		DAB6BFD4277D3178008C306D /* BasicUnitTestExampleTests.swift */ = {isa = PBXFileReference; lastKnownFileType = sourcecode.swift; path = BasicUnitTestExampleTests.swift; sourceTree = "<group>"; };
		DAB6BFDB277D31AC008C306D /* ValidationServiceTest.swift */ = {isa = PBXFileReference; lastKnownFileType = sourcecode.swift; path = ValidationServiceTest.swift; sourceTree = "<group>"; };
/* End PBXFileReference section */

/* Begin PBXFrameworksBuildPhase section */
		458BE2A2275EDCD400EA5570 /* Frameworks */ = {
			isa = PBXFrameworksBuildPhase;
			buildActionMask = 2147483647;
			files = (
			);
			runOnlyForDeploymentPostprocessing = 0;
		};
		DAB6BFCF277D3178008C306D /* Frameworks */ = {
			isa = PBXFrameworksBuildPhase;
			buildActionMask = 2147483647;
			files = (
			);
			runOnlyForDeploymentPostprocessing = 0;
		};
/* End PBXFrameworksBuildPhase section */

/* Begin PBXGroup section */
		458BE29C275EDCD400EA5570 = {
			isa = PBXGroup;
			children = (
				458BE2A7275EDCD400EA5570 /* BasicUnitTestExample */,
				DAB6BFD3277D3178008C306D /* BasicUnitTestExampleTests */,
				458BE2A6275EDCD400EA5570 /* Products */,
			);
			sourceTree = "<group>";
		};
		458BE2A6275EDCD400EA5570 /* Products */ = {
			isa = PBXGroup;
			children = (
				458BE2A5275EDCD400EA5570 /* BasicUnitTestExample.app */,
				DAB6BFD2277D3178008C306D /* BasicUnitTestExampleTests.xctest */,
			);
			name = Products;
			sourceTree = "<group>";
		};
		458BE2A7275EDCD400EA5570 /* BasicUnitTestExample */ = {
			isa = PBXGroup;
			children = (
				458BE2A8275EDCD400EA5570 /* AppDelegate.swift */,
				458BE2AA275EDCD400EA5570 /* SceneDelegate.swift */,
				458BE2AC275EDCD400EA5570 /* ViewController.swift */,
				45AC482D277BD58F0021F414 /* ValidationService.swift */,
				45AC482F277BD9B20021F414 /* UserModel.swift */,
				458BE2AE275EDCD400EA5570 /* Main.storyboard */,
				458BE2B1275EDCD600EA5570 /* Assets.xcassets */,
				458BE2B3275EDCD600EA5570 /* LaunchScreen.storyboard */,
				458BE2B6275EDCD600EA5570 /* Info.plist */,
			);
			path = BasicUnitTestExample;
			sourceTree = "<group>";
		};
		DAB6BFD3277D3178008C306D /* BasicUnitTestExampleTests */ = {
			isa = PBXGroup;
			children = (
				DAB6BFD4277D3178008C306D /* BasicUnitTestExampleTests.swift */,
				DAB6BFDB277D31AC008C306D /* ValidationServiceTest.swift */,
			);
			path = BasicUnitTestExampleTests;
			sourceTree = "<group>";
		};
/* End PBXGroup section */

/* Begin PBXNativeTarget section */
		458BE2A4275EDCD400EA5570 /* BasicUnitTestExample */ = {
			isa = PBXNativeTarget;
			buildConfigurationList = 458BE2B9275EDCD600EA5570 /* Build configuration list for PBXNativeTarget "BasicUnitTestExample" */;
			buildPhases = (
				458BE2A1275EDCD400EA5570 /* Sources */,
				458BE2A2275EDCD400EA5570 /* Frameworks */,
				458BE2A3275EDCD400EA5570 /* Resources */,
			);
			buildRules = (
			);
			dependencies = (
			);
			name = BasicUnitTestExample;
			productName = BasicUnitTestExample;
			productReference = 458BE2A5275EDCD400EA5570 /* BasicUnitTestExample.app */;
			productType = "com.apple.product-type.application";
		};
		DAB6BFD1277D3178008C306D /* BasicUnitTestExampleTests */ = {
			isa = PBXNativeTarget;
			buildConfigurationList = DAB6BFDA277D3178008C306D /* Build configuration list for PBXNativeTarget "BasicUnitTestExampleTests" */;
			buildPhases = (
				DAB6BFCE277D3178008C306D /* Sources */,
				DAB6BFCF277D3178008C306D /* Frameworks */,
				DAB6BFD0277D3178008C306D /* Resources */,
			);
			buildRules = (
			);
			dependencies = (
				DAB6BFD7277D3178008C306D /* PBXTargetDependency */,
			);
			name = BasicUnitTestExampleTests;
			productName = BasicUnitTestExampleTests;
			productReference = DAB6BFD2277D3178008C306D /* BasicUnitTestExampleTests.xctest */;
			productType = "com.apple.product-type.bundle.unit-test";
		};
/* End PBXNativeTarget section */

/* Begin PBXProject section */
		458BE29D275EDCD400EA5570 /* Project object */ = {
			isa = PBXProject;
			attributes = {
				BuildIndependentTargetsInParallel = 1;
				LastSwiftUpdateCheck = 1320;
				LastUpgradeCheck = 1310;
				TargetAttributes = {
					458BE2A4275EDCD400EA5570 = {
						CreatedOnToolsVersion = 13.1;
					};
					DAB6BFD1277D3178008C306D = {
						CreatedOnToolsVersion = 13.2.1;
						TestTargetID = 458BE2A4275EDCD400EA5570;
					};
				};
			};
			buildConfigurationList = 458BE2A0275EDCD400EA5570 /* Build configuration list for PBXProject "BasicUnitTestExample" */;
			compatibilityVersion = "Xcode 13.0";
			developmentRegion = en;
			hasScannedForEncodings = 0;
			knownRegions = (
				en,
				Base,
			);
			mainGroup = 458BE29C275EDCD400EA5570;
			productRefGroup = 458BE2A6275EDCD400EA5570 /* Products */;
			projectDirPath = "";
			projectRoot = "";
			targets = (
				458BE2A4275EDCD400EA5570 /* BasicUnitTestExample */,
				DAB6BFD1277D3178008C306D /* BasicUnitTestExampleTests */,
			);
		};
/* End PBXProject section */

/* Begin PBXResourcesBuildPhase section */
		458BE2A3275EDCD400EA5570 /* Resources */ = {
			isa = PBXResourcesBuildPhase;
			buildActionMask = 2147483647;
			files = (
				458BE2B5275EDCD600EA5570 /* LaunchScreen.storyboard in Resources */,
				458BE2B2275EDCD600EA5570 /* Assets.xcassets in Resources */,
				458BE2B0275EDCD400EA5570 /* Main.storyboard in Resources */,
			);
			runOnlyForDeploymentPostprocessing = 0;
		};
		DAB6BFD0277D3178008C306D /* Resources */ = {
			isa = PBXResourcesBuildPhase;
			buildActionMask = 2147483647;
			files = (
			);
			runOnlyForDeploymentPostprocessing = 0;
		};
/* End PBXResourcesBuildPhase section */

/* Begin PBXSourcesBuildPhase section */
		458BE2A1275EDCD400EA5570 /* Sources */ = {
			isa = PBXSourcesBuildPhase;
			buildActionMask = 2147483647;
			files = (
				458BE2AD275EDCD400EA5570 /* ViewController.swift in Sources */,
				458BE2A9275EDCD400EA5570 /* AppDelegate.swift in Sources */,
				45AC482E277BD58F0021F414 /* ValidationService.swift in Sources */,
				45AC4830277BD9B20021F414 /* UserModel.swift in Sources */,
				458BE2AB275EDCD400EA5570 /* SceneDelegate.swift in Sources */,
			);
			runOnlyForDeploymentPostprocessing = 0;
		};
		DAB6BFCE277D3178008C306D /* Sources */ = {
			isa = PBXSourcesBuildPhase;
			buildActionMask = 2147483647;
			files = (
				DAB6BFDC277D31AC008C306D /* ValidationServiceTest.swift in Sources */,
				DAB6BFD5277D3178008C306D /* BasicUnitTestExampleTests.swift in Sources */,
			);
			runOnlyForDeploymentPostprocessing = 0;
		};
/* End PBXSourcesBuildPhase section */

/* Begin PBXTargetDependency section */
		DAB6BFD7277D3178008C306D /* PBXTargetDependency */ = {
			isa = PBXTargetDependency;
			target = 458BE2A4275EDCD400EA5570 /* BasicUnitTestExample */;
			targetProxy = DAB6BFD6277D3178008C306D /* PBXContainerItemProxy */;
		};
/* End PBXTargetDependency section */

/* Begin PBXVariantGroup section */
		458BE2AE275EDCD400EA5570 /* Main.storyboard */ = {
			isa = PBXVariantGroup;
			children = (
				458BE2AF275EDCD400EA5570 /* Base */,
			);
			name = Main.storyboard;
			sourceTree = "<group>";
		};
		458BE2B3275EDCD600EA5570 /* LaunchScreen.storyboard */ = {
			isa = PBXVariantGroup;
			children = (
				458BE2B4275EDCD600EA5570 /* Base */,
			);
			name = LaunchScreen.storyboard;
			sourceTree = "<group>";
		};
/* End PBXVariantGroup section */

/* Begin XCBuildConfiguration section */
		458BE2B7275EDCD600EA5570 /* Debug */ = {
			isa = XCBuildConfiguration;
			buildSettings = {
				ALWAYS_SEARCH_USER_PATHS = NO;
				CLANG_ANALYZER_NONNULL = YES;
				CLANG_ANALYZER_NUMBER_OBJECT_CONVERSION = YES_AGGRESSIVE;
				CLANG_CXX_LANGUAGE_STANDARD = "gnu++17";
				CLANG_CXX_LIBRARY = "libc++";
				CLANG_ENABLE_MODULES = YES;
				CLANG_ENABLE_OBJC_ARC = YES;
				CLANG_ENABLE_OBJC_WEAK = YES;
				CLANG_WARN_BLOCK_CAPTURE_AUTORELEASING = YES;
				CLANG_WARN_BOOL_CONVERSION = YES;
				CLANG_WARN_COMMA = YES;
				CLANG_WARN_CONSTANT_CONVERSION = YES;
				CLANG_WARN_DEPRECATED_OBJC_IMPLEMENTATIONS = YES;
				CLANG_WARN_DIRECT_OBJC_ISA_USAGE = YES_ERROR;
				CLANG_WARN_DOCUMENTATION_COMMENTS = YES;
				CLANG_WARN_EMPTY_BODY = YES;
				CLANG_WARN_ENUM_CONVERSION = YES;
				CLANG_WARN_INFINITE_RECURSION = YES;
				CLANG_WARN_INT_CONVERSION = YES;
				CLANG_WARN_NON_LITERAL_NULL_CONVERSION = YES;
				CLANG_WARN_OBJC_IMPLICIT_RETAIN_SELF = YES;
				CLANG_WARN_OBJC_LITERAL_CONVERSION = YES;
				CLANG_WARN_OBJC_ROOT_CLASS = YES_ERROR;
				CLANG_WARN_QUOTED_INCLUDE_IN_FRAMEWORK_HEADER = YES;
				CLANG_WARN_RANGE_LOOP_ANALYSIS = YES;
				CLANG_WARN_STRICT_PROTOTYPES = YES;
				CLANG_WARN_SUSPICIOUS_MOVE = YES;
				CLANG_WARN_UNGUARDED_AVAILABILITY = YES_AGGRESSIVE;
				CLANG_WARN_UNREACHABLE_CODE = YES;
				CLANG_WARN__DUPLICATE_METHOD_MATCH = YES;
				COPY_PHASE_STRIP = NO;
				DEBUG_INFORMATION_FORMAT = dwarf;
				ENABLE_STRICT_OBJC_MSGSEND = YES;
				ENABLE_TESTABILITY = YES;
				GCC_C_LANGUAGE_STANDARD = gnu11;
				GCC_DYNAMIC_NO_PIC = NO;
				GCC_NO_COMMON_BLOCKS = YES;
				GCC_OPTIMIZATION_LEVEL = 0;
				GCC_PREPROCESSOR_DEFINITIONS = (
					"DEBUG=1",
					"$(inherited)",
				);
				GCC_WARN_64_TO_32_BIT_CONVERSION = YES;
				GCC_WARN_ABOUT_RETURN_TYPE = YES_ERROR;
				GCC_WARN_UNDECLARED_SELECTOR = YES;
				GCC_WARN_UNINITIALIZED_AUTOS = YES_AGGRESSIVE;
				GCC_WARN_UNUSED_FUNCTION = YES;
				GCC_WARN_UNUSED_VARIABLE = YES;
				IPHONEOS_DEPLOYMENT_TARGET = 15.0;
				MTL_ENABLE_DEBUG_INFO = INCLUDE_SOURCE;
				MTL_FAST_MATH = YES;
				ONLY_ACTIVE_ARCH = YES;
				SDKROOT = iphoneos;
				SWIFT_ACTIVE_COMPILATION_CONDITIONS = DEBUG;
				SWIFT_OPTIMIZATION_LEVEL = "-Onone";
			};
			name = Debug;
		};
		458BE2B8275EDCD600EA5570 /* Release */ = {
			isa = XCBuildConfiguration;
			buildSettings = {
				ALWAYS_SEARCH_USER_PATHS = NO;
				CLANG_ANALYZER_NONNULL = YES;
				CLANG_ANALYZER_NUMBER_OBJECT_CONVERSION = YES_AGGRESSIVE;
				CLANG_CXX_LANGUAGE_STANDARD = "gnu++17";
				CLANG_CXX_LIBRARY = "libc++";
				CLANG_ENABLE_MODULES = YES;
				CLANG_ENABLE_OBJC_ARC = YES;
				CLANG_ENABLE_OBJC_WEAK = YES;
				CLANG_WARN_BLOCK_CAPTURE_AUTORELEASING = YES;
				CLANG_WARN_BOOL_CONVERSION = YES;
				CLANG_WARN_COMMA = YES;
				CLANG_WARN_CONSTANT_CONVERSION = YES;
				CLANG_WARN_DEPRECATED_OBJC_IMPLEMENTATIONS = YES;
				CLANG_WARN_DIRECT_OBJC_ISA_USAGE = YES_ERROR;
				CLANG_WARN_DOCUMENTATION_COMMENTS = YES;
				CLANG_WARN_EMPTY_BODY = YES;
				CLANG_WARN_ENUM_CONVERSION = YES;
				CLANG_WARN_INFINITE_RECURSION = YES;
				CLANG_WARN_INT_CONVERSION = YES;
				CLANG_WARN_NON_LITERAL_NULL_CONVERSION = YES;
				CLANG_WARN_OBJC_IMPLICIT_RETAIN_SELF = YES;
				CLANG_WARN_OBJC_LITERAL_CONVERSION = YES;
				CLANG_WARN_OBJC_ROOT_CLASS = YES_ERROR;
				CLANG_WARN_QUOTED_INCLUDE_IN_FRAMEWORK_HEADER = YES;
				CLANG_WARN_RANGE_LOOP_ANALYSIS = YES;
				CLANG_WARN_STRICT_PROTOTYPES = YES;
				CLANG_WARN_SUSPICIOUS_MOVE = YES;
				CLANG_WARN_UNGUARDED_AVAILABILITY = YES_AGGRESSIVE;
				CLANG_WARN_UNREACHABLE_CODE = YES;
				CLANG_WARN__DUPLICATE_METHOD_MATCH = YES;
				COPY_PHASE_STRIP = NO;
				DEBUG_INFORMATION_FORMAT = "dwarf-with-dsym";
				ENABLE_NS_ASSERTIONS = NO;
				ENABLE_STRICT_OBJC_MSGSEND = YES;
				GCC_C_LANGUAGE_STANDARD = gnu11;
				GCC_NO_COMMON_BLOCKS = YES;
				GCC_WARN_64_TO_32_BIT_CONVERSION = YES;
				GCC_WARN_ABOUT_RETURN_TYPE = YES_ERROR;
				GCC_WARN_UNDECLARED_SELECTOR = YES;
				GCC_WARN_UNINITIALIZED_AUTOS = YES_AGGRESSIVE;
				GCC_WARN_UNUSED_FUNCTION = YES;
				GCC_WARN_UNUSED_VARIABLE = YES;
				IPHONEOS_DEPLOYMENT_TARGET = 15.0;
				MTL_ENABLE_DEBUG_INFO = NO;
				MTL_FAST_MATH = YES;
				SDKROOT = iphoneos;
				SWIFT_COMPILATION_MODE = wholemodule;
				SWIFT_OPTIMIZATION_LEVEL = "-O";
				VALIDATE_PRODUCT = YES;
			};
			name = Release;
		};
		458BE2BA275EDCD600EA5570 /* Debug */ = {
			isa = XCBuildConfiguration;
			buildSettings = {
				ASSETCATALOG_COMPILER_APPICON_NAME = AppIcon;
				ASSETCATALOG_COMPILER_GLOBAL_ACCENT_COLOR_NAME = AccentColor;
				CODE_SIGN_STYLE = Automatic;
				CURRENT_PROJECT_VERSION = 1;
				DEVELOPMENT_TEAM = 25N4RM25AY;
				GENERATE_INFOPLIST_FILE = YES;
				INFOPLIST_FILE = BasicUnitTestExample/Info.plist;
				INFOPLIST_KEY_UIApplicationSupportsIndirectInputEvents = YES;
				INFOPLIST_KEY_UILaunchStoryboardName = LaunchScreen;
				INFOPLIST_KEY_UIMainStoryboardFile = Main;
				INFOPLIST_KEY_UISupportedInterfaceOrientations_iPad = "UIInterfaceOrientationPortrait UIInterfaceOrientationPortraitUpsideDown UIInterfaceOrientationLandscapeLeft UIInterfaceOrientationLandscapeRight";
				INFOPLIST_KEY_UISupportedInterfaceOrientations_iPhone = "UIInterfaceOrientationPortrait UIInterfaceOrientationLandscapeLeft UIInterfaceOrientationLandscapeRight";
				LD_RUNPATH_SEARCH_PATHS = (
					"$(inherited)",
					"@executable_path/Frameworks",
				);
				MARKETING_VERSION = 1.0;
				PRODUCT_BUNDLE_IDENTIFIER = com.joewang.BasicUnitTestExample;
				PRODUCT_NAME = "$(TARGET_NAME)";
				SWIFT_EMIT_LOC_STRINGS = YES;
				SWIFT_VERSION = 5.0;
				TARGETED_DEVICE_FAMILY = "1,2";
			};
			name = Debug;
		};
		458BE2BB275EDCD600EA5570 /* Release */ = {
			isa = XCBuildConfiguration;
			buildSettings = {
				ASSETCATALOG_COMPILER_APPICON_NAME = AppIcon;
				ASSETCATALOG_COMPILER_GLOBAL_ACCENT_COLOR_NAME = AccentColor;
				CODE_SIGN_STYLE = Automatic;
				CURRENT_PROJECT_VERSION = 1;
				DEVELOPMENT_TEAM = 25N4RM25AY;
				GENERATE_INFOPLIST_FILE = YES;
				INFOPLIST_FILE = BasicUnitTestExample/Info.plist;
				INFOPLIST_KEY_UIApplicationSupportsIndirectInputEvents = YES;
				INFOPLIST_KEY_UILaunchStoryboardName = LaunchScreen;
				INFOPLIST_KEY_UIMainStoryboardFile = Main;
				INFOPLIST_KEY_UISupportedInterfaceOrientations_iPad = "UIInterfaceOrientationPortrait UIInterfaceOrientationPortraitUpsideDown UIInterfaceOrientationLandscapeLeft UIInterfaceOrientationLandscapeRight";
				INFOPLIST_KEY_UISupportedInterfaceOrientations_iPhone = "UIInterfaceOrientationPortrait UIInterfaceOrientationLandscapeLeft UIInterfaceOrientationLandscapeRight";
				LD_RUNPATH_SEARCH_PATHS = (
					"$(inherited)",
					"@executable_path/Frameworks",
				);
				MARKETING_VERSION = 1.0;
				PRODUCT_BUNDLE_IDENTIFIER = com.joewang.BasicUnitTestExample;
				PRODUCT_NAME = "$(TARGET_NAME)";
				SWIFT_EMIT_LOC_STRINGS = YES;
				SWIFT_VERSION = 5.0;
				TARGETED_DEVICE_FAMILY = "1,2";
			};
			name = Release;
		};
		DAB6BFD8277D3178008C306D /* Debug */ = {
			isa = XCBuildConfiguration;
			buildSettings = {
				BUNDLE_LOADER = "$(TEST_HOST)";
				CODE_SIGN_STYLE = Automatic;
				CURRENT_PROJECT_VERSION = 1;
				DEVELOPMENT_TEAM = 25N4RM25AY;
				GENERATE_INFOPLIST_FILE = YES;
				IPHONEOS_DEPLOYMENT_TARGET = 15.2;
				MARKETING_VERSION = 1.0;
				PRODUCT_BUNDLE_IDENTIFIER = com.yangwang.BasicUnitTestExampleTests;
				PRODUCT_NAME = "$(TARGET_NAME)";
				SWIFT_EMIT_LOC_STRINGS = NO;
				SWIFT_VERSION = 5.0;
				TARGETED_DEVICE_FAMILY = "1,2";
				TEST_HOST = "$(BUILT_PRODUCTS_DIR)/BasicUnitTestExample.app/BasicUnitTestExample";
			};
			name = Debug;
		};
		DAB6BFD9277D3178008C306D /* Release */ = {
			isa = XCBuildConfiguration;
			buildSettings = {
				BUNDLE_LOADER = "$(TEST_HOST)";
				CODE_SIGN_STYLE = Automatic;
				CURRENT_PROJECT_VERSION = 1;
				DEVELOPMENT_TEAM = 25N4RM25AY;
				GENERATE_INFOPLIST_FILE = YES;
				IPHONEOS_DEPLOYMENT_TARGET = 15.2;
				MARKETING_VERSION = 1.0;
				PRODUCT_BUNDLE_IDENTIFIER = com.yangwang.BasicUnitTestExampleTests;
				PRODUCT_NAME = "$(TARGET_NAME)";
				SWIFT_EMIT_LOC_STRINGS = NO;
				SWIFT_VERSION = 5.0;
				TARGETED_DEVICE_FAMILY = "1,2";
				TEST_HOST = "$(BUILT_PRODUCTS_DIR)/BasicUnitTestExample.app/BasicUnitTestExample";
			};
			name = Release;
		};
/* End XCBuildConfiguration section */

/* Begin XCConfigurationList section */
		458BE2A0275EDCD400EA5570 /* Build configuration list for PBXProject "BasicUnitTestExample" */ = {
			isa = XCConfigurationList;
			buildConfigurations = (
				458BE2B7275EDCD600EA5570 /* Debug */,
				458BE2B8275EDCD600EA5570 /* Release */,
			);
			defaultConfigurationIsVisible = 0;
			defaultConfigurationName = Release;
		};
		458BE2B9275EDCD600EA5570 /* Build configuration list for PBXNativeTarget "BasicUnitTestExample" */ = {
			isa = XCConfigurationList;
			buildConfigurations = (
				458BE2BA275EDCD600EA5570 /* Debug */,
				458BE2BB275EDCD600EA5570 /* Release */,
			);
			defaultConfigurationIsVisible = 0;
			defaultConfigurationName = Release;
		};
		DAB6BFDA277D3178008C306D /* Build configuration list for PBXNativeTarget "BasicUnitTestExampleTests" */ = {
			isa = XCConfigurationList;
			buildConfigurations = (
				DAB6BFD8277D3178008C306D /* Debug */,
				DAB6BFD9277D3178008C306D /* Release */,
			);
			defaultConfigurationIsVisible = 0;
			defaultConfigurationName = Release;
		};
/* End XCConfigurationList section */
	};
	rootObject = 458BE29D275EDCD400EA5570 /* Project object */;
}
